// !$*UTF8*$!
{
	archiveVersion = 1;
	classes = {
	};
	objectVersion = 51;
	objects = {

/* Begin PBXBuildFile section */
		01014F2FD9FC84E220814197 /* Pods_ApiPractice_ApiPracticeUITests.framework in Frameworks */ = {isa = PBXBuildFile; fileRef = E8C0D56C357C8CF8341A6BA0 /* Pods_ApiPractice_ApiPracticeUITests.framework */; };
		444B8B9C347268411415C350 /* Pods_ApiPractice.framework in Frameworks */ = {isa = PBXBuildFile; fileRef = CCD323FC1D16702AD1C66CA0 /* Pods_ApiPractice.framework */; };
		9A80E2DA9E5AE3B62ED88861 /* Pods_ApiPracticeTests.framework in Frameworks */ = {isa = PBXBuildFile; fileRef = AA11CFE0C4FE5558CA949765 /* Pods_ApiPracticeTests.framework */; };
		AA16F00125E84E4F002BE71B /* BeerViewController.swift in Sources */ = {isa = PBXBuildFile; fileRef = AA16F00025E84E4F002BE71B /* BeerViewController.swift */; };
		AA16F01825E85480002BE71B /* Beer.swift in Sources */ = {isa = PBXBuildFile; fileRef = AA16F01725E85480002BE71B /* Beer.swift */; };
		AA16F01D25E85930002BE71B /* BeerDescriptionViewController.swift in Sources */ = {isa = PBXBuildFile; fileRef = AA16F01C25E85930002BE71B /* BeerDescriptionViewController.swift */; };
		AABC5E8E25E5A8B4003E3561 /* AppDelegate.swift in Sources */ = {isa = PBXBuildFile; fileRef = AABC5E8D25E5A8B4003E3561 /* AppDelegate.swift */; };
		AABC5E9025E5A8B4003E3561 /* SceneDelegate.swift in Sources */ = {isa = PBXBuildFile; fileRef = AABC5E8F25E5A8B4003E3561 /* SceneDelegate.swift */; };
		AABC5E9225E5A8B4003E3561 /* ViewController.swift in Sources */ = {isa = PBXBuildFile; fileRef = AABC5E9125E5A8B4003E3561 /* ViewController.swift */; };
		AABC5E9525E5A8B4003E3561 /* Main.storyboard in Resources */ = {isa = PBXBuildFile; fileRef = AABC5E9325E5A8B4003E3561 /* Main.storyboard */; };
		AABC5E9725E5A8B5003E3561 /* Assets.xcassets in Resources */ = {isa = PBXBuildFile; fileRef = AABC5E9625E5A8B5003E3561 /* Assets.xcassets */; };
		AABC5E9A25E5A8B5003E3561 /* LaunchScreen.storyboard in Resources */ = {isa = PBXBuildFile; fileRef = AABC5E9825E5A8B5003E3561 /* LaunchScreen.storyboard */; };
		AABC5EA525E5A8B5003E3561 /* ApiPracticeTests.swift in Sources */ = {isa = PBXBuildFile; fileRef = AABC5EA425E5A8B5003E3561 /* ApiPracticeTests.swift */; };
		AABC5EB025E5A8B5003E3561 /* ApiPracticeUITests.swift in Sources */ = {isa = PBXBuildFile; fileRef = AABC5EAF25E5A8B5003E3561 /* ApiPracticeUITests.swift */; };
		AADBFC6227BEF3D200C2CF14 /* BeerApi.swift in Sources */ = {isa = PBXBuildFile; fileRef = AADBFC6127BEF3D200C2CF14 /* BeerApi.swift */; };
		AADBFC6427BF02CD00C2CF14 /* BeerRandomViewController.swift in Sources */ = {isa = PBXBuildFile; fileRef = AADBFC6327BF02CD00C2CF14 /* BeerRandomViewController.swift */; };
/* End PBXBuildFile section */

/* Begin PBXContainerItemProxy section */
		AABC5EA125E5A8B5003E3561 /* PBXContainerItemProxy */ = {
			isa = PBXContainerItemProxy;
			containerPortal = AABC5E8225E5A8B4003E3561 /* Project object */;
			proxyType = 1;
			remoteGlobalIDString = AABC5E8925E5A8B4003E3561;
			remoteInfo = ApiPractice;
		};
		AABC5EAC25E5A8B5003E3561 /* PBXContainerItemProxy */ = {
			isa = PBXContainerItemProxy;
			containerPortal = AABC5E8225E5A8B4003E3561 /* Project object */;
			proxyType = 1;
			remoteGlobalIDString = AABC5E8925E5A8B4003E3561;
			remoteInfo = ApiPractice;
		};
/* End PBXContainerItemProxy section */

/* Begin PBXFileReference section */
		0D1EEE34EB52158213189EFA /* Pods-ApiPractice.release.xcconfig */ = {isa = PBXFileReference; includeInIndex = 1; lastKnownFileType = text.xcconfig; name = "Pods-ApiPractice.release.xcconfig"; path = "Target Support Files/Pods-ApiPractice/Pods-ApiPractice.release.xcconfig"; sourceTree = "<group>"; };
		705C9FCE568E6F74E0F8B64D /* Pods-ApiPractice.debug.xcconfig */ = {isa = PBXFileReference; includeInIndex = 1; lastKnownFileType = text.xcconfig; name = "Pods-ApiPractice.debug.xcconfig"; path = "Target Support Files/Pods-ApiPractice/Pods-ApiPractice.debug.xcconfig"; sourceTree = "<group>"; };
		89708FAB13055017D86F6F3B /* Pods-ApiPractice-ApiPracticeUITests.debug.xcconfig */ = {isa = PBXFileReference; includeInIndex = 1; lastKnownFileType = text.xcconfig; name = "Pods-ApiPractice-ApiPracticeUITests.debug.xcconfig"; path = "Target Support Files/Pods-ApiPractice-ApiPracticeUITests/Pods-ApiPractice-ApiPracticeUITests.debug.xcconfig"; sourceTree = "<group>"; };
		AA11CFE0C4FE5558CA949765 /* Pods_ApiPracticeTests.framework */ = {isa = PBXFileReference; explicitFileType = wrapper.framework; includeInIndex = 0; path = Pods_ApiPracticeTests.framework; sourceTree = BUILT_PRODUCTS_DIR; };
		AA16F00025E84E4F002BE71B /* BeerViewController.swift */ = {isa = PBXFileReference; lastKnownFileType = sourcecode.swift; path = BeerViewController.swift; sourceTree = "<group>"; };
		AA16F01725E85480002BE71B /* Beer.swift */ = {isa = PBXFileReference; lastKnownFileType = sourcecode.swift; path = Beer.swift; sourceTree = "<group>"; };
		AA16F01C25E85930002BE71B /* BeerDescriptionViewController.swift */ = {isa = PBXFileReference; lastKnownFileType = sourcecode.swift; path = BeerDescriptionViewController.swift; sourceTree = "<group>"; };
		AABC5E8A25E5A8B4003E3561 /* ApiPractice.app */ = {isa = PBXFileReference; explicitFileType = wrapper.application; includeInIndex = 0; path = ApiPractice.app; sourceTree = BUILT_PRODUCTS_DIR; };
		AABC5E8D25E5A8B4003E3561 /* AppDelegate.swift */ = {isa = PBXFileReference; lastKnownFileType = sourcecode.swift; path = AppDelegate.swift; sourceTree = "<group>"; };
		AABC5E8F25E5A8B4003E3561 /* SceneDelegate.swift */ = {isa = PBXFileReference; lastKnownFileType = sourcecode.swift; path = SceneDelegate.swift; sourceTree = "<group>"; };
		AABC5E9125E5A8B4003E3561 /* ViewController.swift */ = {isa = PBXFileReference; lastKnownFileType = sourcecode.swift; path = ViewController.swift; sourceTree = "<group>"; };
		AABC5E9425E5A8B4003E3561 /* Base */ = {isa = PBXFileReference; lastKnownFileType = file.storyboard; name = Base; path = Base.lproj/Main.storyboard; sourceTree = "<group>"; };
		AABC5E9625E5A8B5003E3561 /* Assets.xcassets */ = {isa = PBXFileReference; lastKnownFileType = folder.assetcatalog; path = Assets.xcassets; sourceTree = "<group>"; };
		AABC5E9925E5A8B5003E3561 /* Base */ = {isa = PBXFileReference; lastKnownFileType = file.storyboard; name = Base; path = Base.lproj/LaunchScreen.storyboard; sourceTree = "<group>"; };
		AABC5E9B25E5A8B5003E3561 /* Info.plist */ = {isa = PBXFileReference; lastKnownFileType = text.plist.xml; path = Info.plist; sourceTree = "<group>"; };
		AABC5EA025E5A8B5003E3561 /* ApiPracticeTests.xctest */ = {isa = PBXFileReference; explicitFileType = wrapper.cfbundle; includeInIndex = 0; path = ApiPracticeTests.xctest; sourceTree = BUILT_PRODUCTS_DIR; };
		AABC5EA425E5A8B5003E3561 /* ApiPracticeTests.swift */ = {isa = PBXFileReference; lastKnownFileType = sourcecode.swift; path = ApiPracticeTests.swift; sourceTree = "<group>"; };
		AABC5EA625E5A8B5003E3561 /* Info.plist */ = {isa = PBXFileReference; lastKnownFileType = text.plist.xml; path = Info.plist; sourceTree = "<group>"; };
		AABC5EAB25E5A8B5003E3561 /* ApiPracticeUITests.xctest */ = {isa = PBXFileReference; explicitFileType = wrapper.cfbundle; includeInIndex = 0; path = ApiPracticeUITests.xctest; sourceTree = BUILT_PRODUCTS_DIR; };
		AABC5EAF25E5A8B5003E3561 /* ApiPracticeUITests.swift */ = {isa = PBXFileReference; lastKnownFileType = sourcecode.swift; path = ApiPracticeUITests.swift; sourceTree = "<group>"; };
		AABC5EB125E5A8B5003E3561 /* Info.plist */ = {isa = PBXFileReference; lastKnownFileType = text.plist.xml; path = Info.plist; sourceTree = "<group>"; };
		AADBFC6127BEF3D200C2CF14 /* BeerApi.swift */ = {isa = PBXFileReference; lastKnownFileType = sourcecode.swift; path = BeerApi.swift; sourceTree = "<group>"; };
		AADBFC6327BF02CD00C2CF14 /* BeerRandomViewController.swift */ = {isa = PBXFileReference; lastKnownFileType = sourcecode.swift; path = BeerRandomViewController.swift; sourceTree = "<group>"; };
		C87477BB1656E15772A68FC1 /* Pods-ApiPracticeTests.debug.xcconfig */ = {isa = PBXFileReference; includeInIndex = 1; lastKnownFileType = text.xcconfig; name = "Pods-ApiPracticeTests.debug.xcconfig"; path = "Target Support Files/Pods-ApiPracticeTests/Pods-ApiPracticeTests.debug.xcconfig"; sourceTree = "<group>"; };
		CCD323FC1D16702AD1C66CA0 /* Pods_ApiPractice.framework */ = {isa = PBXFileReference; explicitFileType = wrapper.framework; includeInIndex = 0; path = Pods_ApiPractice.framework; sourceTree = BUILT_PRODUCTS_DIR; };
		E8C0D56C357C8CF8341A6BA0 /* Pods_ApiPractice_ApiPracticeUITests.framework */ = {isa = PBXFileReference; explicitFileType = wrapper.framework; includeInIndex = 0; path = Pods_ApiPractice_ApiPracticeUITests.framework; sourceTree = BUILT_PRODUCTS_DIR; };
		ECE333C34D3F6A905442EFE2 /* Pods-ApiPracticeTests.release.xcconfig */ = {isa = PBXFileReference; includeInIndex = 1; lastKnownFileType = text.xcconfig; name = "Pods-ApiPracticeTests.release.xcconfig"; path = "Target Support Files/Pods-ApiPracticeTests/Pods-ApiPracticeTests.release.xcconfig"; sourceTree = "<group>"; };
		F24B9643F5322E8656F6A1C4 /* Pods-ApiPractice-ApiPracticeUITests.release.xcconfig */ = {isa = PBXFileReference; includeInIndex = 1; lastKnownFileType = text.xcconfig; name = "Pods-ApiPractice-ApiPracticeUITests.release.xcconfig"; path = "Target Support Files/Pods-ApiPractice-ApiPracticeUITests/Pods-ApiPractice-ApiPracticeUITests.release.xcconfig"; sourceTree = "<group>"; };
/* End PBXFileReference section */

/* Begin PBXFrameworksBuildPhase section */
		AABC5E8725E5A8B4003E3561 /* Frameworks */ = {
			isa = PBXFrameworksBuildPhase;
			buildActionMask = 2147483647;
			files = (
				444B8B9C347268411415C350 /* Pods_ApiPractice.framework in Frameworks */,
			);
			runOnlyForDeploymentPostprocessing = 0;
		};
		AABC5E9D25E5A8B5003E3561 /* Frameworks */ = {
			isa = PBXFrameworksBuildPhase;
			buildActionMask = 2147483647;
			files = (
				9A80E2DA9E5AE3B62ED88861 /* Pods_ApiPracticeTests.framework in Frameworks */,
			);
			runOnlyForDeploymentPostprocessing = 0;
		};
		AABC5EA825E5A8B5003E3561 /* Frameworks */ = {
			isa = PBXFrameworksBuildPhase;
			buildActionMask = 2147483647;
			files = (
				01014F2FD9FC84E220814197 /* Pods_ApiPractice_ApiPracticeUITests.framework in Frameworks */,
			);
			runOnlyForDeploymentPostprocessing = 0;
		};
/* End PBXFrameworksBuildPhase section */

/* Begin PBXGroup section */
		438A4D16A1DBF28B89596D85 /* Frameworks */ = {
			isa = PBXGroup;
			children = (
				CCD323FC1D16702AD1C66CA0 /* Pods_ApiPractice.framework */,
				E8C0D56C357C8CF8341A6BA0 /* Pods_ApiPractice_ApiPracticeUITests.framework */,
				AA11CFE0C4FE5558CA949765 /* Pods_ApiPracticeTests.framework */,
			);
			name = Frameworks;
			sourceTree = "<group>";
		};
		AABC5E8125E5A8B4003E3561 = {
			isa = PBXGroup;
			children = (
				AABC5E8C25E5A8B4003E3561 /* ApiPractice */,
				AABC5EA325E5A8B5003E3561 /* ApiPracticeTests */,
				AABC5EAE25E5A8B5003E3561 /* ApiPracticeUITests */,
				AABC5E8B25E5A8B4003E3561 /* Products */,
				D6F7335FDE12B398B3A944D5 /* Pods */,
				438A4D16A1DBF28B89596D85 /* Frameworks */,
			);
			sourceTree = "<group>";
		};
		AABC5E8B25E5A8B4003E3561 /* Products */ = {
			isa = PBXGroup;
			children = (
				AABC5E8A25E5A8B4003E3561 /* ApiPractice.app */,
				AABC5EA025E5A8B5003E3561 /* ApiPracticeTests.xctest */,
				AABC5EAB25E5A8B5003E3561 /* ApiPracticeUITests.xctest */,
			);
			name = Products;
			sourceTree = "<group>";
		};
		AABC5E8C25E5A8B4003E3561 /* ApiPractice */ = {
			isa = PBXGroup;
			children = (
				AADBFC5D27BEF35C00C2CF14 /* model */,
				AADBFC6027BEF3A000C2CF14 /* view */,
				AADBFC5E27BEF36F00C2CF14 /* api */,
				AADBFC5F27BEF38100C2CF14 /* controller */,
				AABC5E9625E5A8B5003E3561 /* Assets.xcassets */,
				AABC5E8D25E5A8B4003E3561 /* AppDelegate.swift */,
				AABC5E9125E5A8B4003E3561 /* ViewController.swift */,
				AABC5E8F25E5A8B4003E3561 /* SceneDelegate.swift */,
				AABC5E9825E5A8B5003E3561 /* LaunchScreen.storyboard */,
				AABC5E9B25E5A8B5003E3561 /* Info.plist */,
			);
			path = ApiPractice;
			sourceTree = "<group>";
		};
		AABC5EA325E5A8B5003E3561 /* ApiPracticeTests */ = {
			isa = PBXGroup;
			children = (
				AABC5EA425E5A8B5003E3561 /* ApiPracticeTests.swift */,
				AABC5EA625E5A8B5003E3561 /* Info.plist */,
			);
			path = ApiPracticeTests;
			sourceTree = "<group>";
		};
		AABC5EAE25E5A8B5003E3561 /* ApiPracticeUITests */ = {
			isa = PBXGroup;
			children = (
				AABC5EAF25E5A8B5003E3561 /* ApiPracticeUITests.swift */,
				AABC5EB125E5A8B5003E3561 /* Info.plist */,
			);
			path = ApiPracticeUITests;
			sourceTree = "<group>";
		};
		AADBFC5D27BEF35C00C2CF14 /* model */ = {
			isa = PBXGroup;
			children = (
				AA16F01725E85480002BE71B /* Beer.swift */,
			);
			path = model;
			sourceTree = "<group>";
		};
		AADBFC5E27BEF36F00C2CF14 /* api */ = {
			isa = PBXGroup;
			children = (
				AADBFC6127BEF3D200C2CF14 /* BeerApi.swift */,
			);
			path = api;
			sourceTree = "<group>";
		};
		AADBFC5F27BEF38100C2CF14 /* controller */ = {
			isa = PBXGroup;
			children = (
				AA16F00025E84E4F002BE71B /* BeerViewController.swift */,
				AA16F01C25E85930002BE71B /* BeerDescriptionViewController.swift */,
				AADBFC6327BF02CD00C2CF14 /* BeerRandomViewController.swift */,
			);
			path = controller;
			sourceTree = "<group>";
		};
		AADBFC6027BEF3A000C2CF14 /* view */ = {
			isa = PBXGroup;
			children = (
				AABC5E9325E5A8B4003E3561 /* Main.storyboard */,
			);
			path = view;
			sourceTree = "<group>";
		};
		D6F7335FDE12B398B3A944D5 /* Pods */ = {
			isa = PBXGroup;
			children = (
				705C9FCE568E6F74E0F8B64D /* Pods-ApiPractice.debug.xcconfig */,
				0D1EEE34EB52158213189EFA /* Pods-ApiPractice.release.xcconfig */,
				89708FAB13055017D86F6F3B /* Pods-ApiPractice-ApiPracticeUITests.debug.xcconfig */,
				F24B9643F5322E8656F6A1C4 /* Pods-ApiPractice-ApiPracticeUITests.release.xcconfig */,
				C87477BB1656E15772A68FC1 /* Pods-ApiPracticeTests.debug.xcconfig */,
				ECE333C34D3F6A905442EFE2 /* Pods-ApiPracticeTests.release.xcconfig */,
			);
			path = Pods;
			sourceTree = "<group>";
		};
/* End PBXGroup section */

/* Begin PBXNativeTarget section */
		AABC5E8925E5A8B4003E3561 /* ApiPractice */ = {
			isa = PBXNativeTarget;
			buildConfigurationList = AABC5EB425E5A8B5003E3561 /* Build configuration list for PBXNativeTarget "ApiPractice" */;
			buildPhases = (
				B1FF499A8BBD9A8BE576B6D1 /* [CP] Check Pods Manifest.lock */,
				AABC5E8625E5A8B4003E3561 /* Sources */,
				AABC5E8725E5A8B4003E3561 /* Frameworks */,
				AABC5E8825E5A8B4003E3561 /* Resources */,
				B868781A2D0C6DB35F0CBF18 /* [CP] Embed Pods Frameworks */,
			);
			buildRules = (
			);
			dependencies = (
			);
			name = ApiPractice;
			productName = ApiPractice;
			productReference = AABC5E8A25E5A8B4003E3561 /* ApiPractice.app */;
			productType = "com.apple.product-type.application";
		};
		AABC5E9F25E5A8B5003E3561 /* ApiPracticeTests */ = {
			isa = PBXNativeTarget;
			buildConfigurationList = AABC5EB725E5A8B5003E3561 /* Build configuration list for PBXNativeTarget "ApiPracticeTests" */;
			buildPhases = (
				2C6EA31A60B72F77E78F6A02 /* [CP] Check Pods Manifest.lock */,
				AABC5E9C25E5A8B5003E3561 /* Sources */,
				AABC5E9D25E5A8B5003E3561 /* Frameworks */,
				AABC5E9E25E5A8B5003E3561 /* Resources */,
			);
			buildRules = (
			);
			dependencies = (
				AABC5EA225E5A8B5003E3561 /* PBXTargetDependency */,
			);
			name = ApiPracticeTests;
			productName = ApiPracticeTests;
			productReference = AABC5EA025E5A8B5003E3561 /* ApiPracticeTests.xctest */;
			productType = "com.apple.product-type.bundle.unit-test";
		};
		AABC5EAA25E5A8B5003E3561 /* ApiPracticeUITests */ = {
			isa = PBXNativeTarget;
			buildConfigurationList = AABC5EBA25E5A8B5003E3561 /* Build configuration list for PBXNativeTarget "ApiPracticeUITests" */;
			buildPhases = (
				E2B6F9827DB5A720EFC4C63D /* [CP] Check Pods Manifest.lock */,
				AABC5EA725E5A8B5003E3561 /* Sources */,
				AABC5EA825E5A8B5003E3561 /* Frameworks */,
				AABC5EA925E5A8B5003E3561 /* Resources */,
				252E8CFBF53C56219DB7F796 /* [CP] Embed Pods Frameworks */,
			);
			buildRules = (
			);
			dependencies = (
				AABC5EAD25E5A8B5003E3561 /* PBXTargetDependency */,
			);
			name = ApiPracticeUITests;
			productName = ApiPracticeUITests;
			productReference = AABC5EAB25E5A8B5003E3561 /* ApiPracticeUITests.xctest */;
			productType = "com.apple.product-type.bundle.ui-testing";
		};
/* End PBXNativeTarget section */

/* Begin PBXProject section */
		AABC5E8225E5A8B4003E3561 /* Project object */ = {
			isa = PBXProject;
			attributes = {
				LastSwiftUpdateCheck = 1240;
				LastUpgradeCheck = 1240;
				TargetAttributes = {
					AABC5E8925E5A8B4003E3561 = {
						CreatedOnToolsVersion = 12.4;
					};
					AABC5E9F25E5A8B5003E3561 = {
						CreatedOnToolsVersion = 12.4;
						TestTargetID = AABC5E8925E5A8B4003E3561;
					};
					AABC5EAA25E5A8B5003E3561 = {
						CreatedOnToolsVersion = 12.4;
						TestTargetID = AABC5E8925E5A8B4003E3561;
					};
				};
			};
			buildConfigurationList = AABC5E8525E5A8B4003E3561 /* Build configuration list for PBXProject "ApiPractice" */;
			compatibilityVersion = "Xcode 9.3";
			developmentRegion = en;
			hasScannedForEncodings = 0;
			knownRegions = (
				en,
				Base,
			);
			mainGroup = AABC5E8125E5A8B4003E3561;
			productRefGroup = AABC5E8B25E5A8B4003E3561 /* Products */;
			projectDirPath = "";
			projectRoot = "";
			targets = (
				AABC5E8925E5A8B4003E3561 /* ApiPractice */,
				AABC5E9F25E5A8B5003E3561 /* ApiPracticeTests */,
				AABC5EAA25E5A8B5003E3561 /* ApiPracticeUITests */,
			);
		};
/* End PBXProject section */

/* Begin PBXResourcesBuildPhase section */
		AABC5E8825E5A8B4003E3561 /* Resources */ = {
			isa = PBXResourcesBuildPhase;
			buildActionMask = 2147483647;
			files = (
				AABC5E9A25E5A8B5003E3561 /* LaunchScreen.storyboard in Resources */,
				AABC5E9725E5A8B5003E3561 /* Assets.xcassets in Resources */,
				AABC5E9525E5A8B4003E3561 /* Main.storyboard in Resources */,
			);
			runOnlyForDeploymentPostprocessing = 0;
		};
		AABC5E9E25E5A8B5003E3561 /* Resources */ = {
			isa = PBXResourcesBuildPhase;
			buildActionMask = 2147483647;
			files = (
			);
			runOnlyForDeploymentPostprocessing = 0;
		};
		AABC5EA925E5A8B5003E3561 /* Resources */ = {
			isa = PBXResourcesBuildPhase;
			buildActionMask = 2147483647;
			files = (
			);
			runOnlyForDeploymentPostprocessing = 0;
		};
/* End PBXResourcesBuildPhase section */

/* Begin PBXShellScriptBuildPhase section */
		252E8CFBF53C56219DB7F796 /* [CP] Embed Pods Frameworks */ = {
			isa = PBXShellScriptBuildPhase;
			buildActionMask = 2147483647;
			files = (
			);
			inputFileListPaths = (
				"${PODS_ROOT}/Target Support Files/Pods-ApiPractice-ApiPracticeUITests/Pods-ApiPractice-ApiPracticeUITests-frameworks-${CONFIGURATION}-input-files.xcfilelist",
			);
			name = "[CP] Embed Pods Frameworks";
			outputFileListPaths = (
				"${PODS_ROOT}/Target Support Files/Pods-ApiPractice-ApiPracticeUITests/Pods-ApiPractice-ApiPracticeUITests-frameworks-${CONFIGURATION}-output-files.xcfilelist",
			);
			runOnlyForDeploymentPostprocessing = 0;
			shellPath = /bin/sh;
			shellScript = "\"${PODS_ROOT}/Target Support Files/Pods-ApiPractice-ApiPracticeUITests/Pods-ApiPractice-ApiPracticeUITests-frameworks.sh\"\n";
			showEnvVarsInLog = 0;
		};
		2C6EA31A60B72F77E78F6A02 /* [CP] Check Pods Manifest.lock */ = {
			isa = PBXShellScriptBuildPhase;
			buildActionMask = 2147483647;
			files = (
			);
			inputFileListPaths = (
			);
			inputPaths = (
				"${PODS_PODFILE_DIR_PATH}/Podfile.lock",
				"${PODS_ROOT}/Manifest.lock",
			);
			name = "[CP] Check Pods Manifest.lock";
			outputFileListPaths = (
			);
			outputPaths = (
				"$(DERIVED_FILE_DIR)/Pods-ApiPracticeTests-checkManifestLockResult.txt",
			);
			runOnlyForDeploymentPostprocessing = 0;
			shellPath = /bin/sh;
			shellScript = "diff \"${PODS_PODFILE_DIR_PATH}/Podfile.lock\" \"${PODS_ROOT}/Manifest.lock\" > /dev/null\nif [ $? != 0 ] ; then\n    # print error to STDERR\n    echo \"error: The sandbox is not in sync with the Podfile.lock. Run 'pod install' or update your CocoaPods installation.\" >&2\n    exit 1\nfi\n# This output is used by Xcode 'outputs' to avoid re-running this script phase.\necho \"SUCCESS\" > \"${SCRIPT_OUTPUT_FILE_0}\"\n";
			showEnvVarsInLog = 0;
		};
		B1FF499A8BBD9A8BE576B6D1 /* [CP] Check Pods Manifest.lock */ = {
			isa = PBXShellScriptBuildPhase;
			buildActionMask = 2147483647;
			files = (
			);
			inputFileListPaths = (
			);
			inputPaths = (
				"${PODS_PODFILE_DIR_PATH}/Podfile.lock",
				"${PODS_ROOT}/Manifest.lock",
			);
			name = "[CP] Check Pods Manifest.lock";
			outputFileListPaths = (
			);
			outputPaths = (
				"$(DERIVED_FILE_DIR)/Pods-ApiPractice-checkManifestLockResult.txt",
			);
			runOnlyForDeploymentPostprocessing = 0;
			shellPath = /bin/sh;
			shellScript = "diff \"${PODS_PODFILE_DIR_PATH}/Podfile.lock\" \"${PODS_ROOT}/Manifest.lock\" > /dev/null\nif [ $? != 0 ] ; then\n    # print error to STDERR\n    echo \"error: The sandbox is not in sync with the Podfile.lock. Run 'pod install' or update your CocoaPods installation.\" >&2\n    exit 1\nfi\n# This output is used by Xcode 'outputs' to avoid re-running this script phase.\necho \"SUCCESS\" > \"${SCRIPT_OUTPUT_FILE_0}\"\n";
			showEnvVarsInLog = 0;
		};
		B868781A2D0C6DB35F0CBF18 /* [CP] Embed Pods Frameworks */ = {
			isa = PBXShellScriptBuildPhase;
			buildActionMask = 2147483647;
			files = (
			);
			inputFileListPaths = (
				"${PODS_ROOT}/Target Support Files/Pods-ApiPractice/Pods-ApiPractice-frameworks-${CONFIGURATION}-input-files.xcfilelist",
			);
			name = "[CP] Embed Pods Frameworks";
			outputFileListPaths = (
				"${PODS_ROOT}/Target Support Files/Pods-ApiPractice/Pods-ApiPractice-frameworks-${CONFIGURATION}-output-files.xcfilelist",
			);
			runOnlyForDeploymentPostprocessing = 0;
			shellPath = /bin/sh;
			shellScript = "\"${PODS_ROOT}/Target Support Files/Pods-ApiPractice/Pods-ApiPractice-frameworks.sh\"\n";
			showEnvVarsInLog = 0;
		};
		E2B6F9827DB5A720EFC4C63D /* [CP] Check Pods Manifest.lock */ = {
			isa = PBXShellScriptBuildPhase;
			buildActionMask = 2147483647;
			files = (
			);
			inputFileListPaths = (
			);
			inputPaths = (
				"${PODS_PODFILE_DIR_PATH}/Podfile.lock",
				"${PODS_ROOT}/Manifest.lock",
			);
			name = "[CP] Check Pods Manifest.lock";
			outputFileListPaths = (
			);
			outputPaths = (
				"$(DERIVED_FILE_DIR)/Pods-ApiPractice-ApiPracticeUITests-checkManifestLockResult.txt",
			);
			runOnlyForDeploymentPostprocessing = 0;
			shellPath = /bin/sh;
			shellScript = "diff \"${PODS_PODFILE_DIR_PATH}/Podfile.lock\" \"${PODS_ROOT}/Manifest.lock\" > /dev/null\nif [ $? != 0 ] ; then\n    # print error to STDERR\n    echo \"error: The sandbox is not in sync with the Podfile.lock. Run 'pod install' or update your CocoaPods installation.\" >&2\n    exit 1\nfi\n# This output is used by Xcode 'outputs' to avoid re-running this script phase.\necho \"SUCCESS\" > \"${SCRIPT_OUTPUT_FILE_0}\"\n";
			showEnvVarsInLog = 0;
		};
/* End PBXShellScriptBuildPhase section */

/* Begin PBXSourcesBuildPhase section */
		AABC5E8625E5A8B4003E3561 /* Sources */ = {
			isa = PBXSourcesBuildPhase;
			buildActionMask = 2147483647;
			files = (
				AA16F00125E84E4F002BE71B /* BeerViewController.swift in Sources */,
				AABC5E9225E5A8B4003E3561 /* ViewController.swift in Sources */,
				AA16F01825E85480002BE71B /* Beer.swift in Sources */,
				AA16F01D25E85930002BE71B /* BeerDescriptionViewController.swift in Sources */,
				AABC5E8E25E5A8B4003E3561 /* AppDelegate.swift in Sources */,
				AADBFC6227BEF3D200C2CF14 /* BeerApi.swift in Sources */,
				AABC5E9025E5A8B4003E3561 /* SceneDelegate.swift in Sources */,
				AADBFC6427BF02CD00C2CF14 /* BeerRandomViewController.swift in Sources */,
			);
			runOnlyForDeploymentPostprocessing = 0;
		};
		AABC5E9C25E5A8B5003E3561 /* Sources */ = {
			isa = PBXSourcesBuildPhase;
			buildActionMask = 2147483647;
			files = (
				AABC5EA525E5A8B5003E3561 /* ApiPracticeTests.swift in Sources */,
			);
			runOnlyForDeploymentPostprocessing = 0;
		};
		AABC5EA725E5A8B5003E3561 /* Sources */ = {
			isa = PBXSourcesBuildPhase;
			buildActionMask = 2147483647;
			files = (
				AABC5EB025E5A8B5003E3561 /* ApiPracticeUITests.swift in Sources */,
			);
			runOnlyForDeploymentPostprocessing = 0;
		};
/* End PBXSourcesBuildPhase section */

/* Begin PBXTargetDependency section */
		AABC5EA225E5A8B5003E3561 /* PBXTargetDependency */ = {
			isa = PBXTargetDependency;
			target = AABC5E8925E5A8B4003E3561 /* ApiPractice */;
			targetProxy = AABC5EA125E5A8B5003E3561 /* PBXContainerItemProxy */;
		};
		AABC5EAD25E5A8B5003E3561 /* PBXTargetDependency */ = {
			isa = PBXTargetDependency;
			target = AABC5E8925E5A8B4003E3561 /* ApiPractice */;
			targetProxy = AABC5EAC25E5A8B5003E3561 /* PBXContainerItemProxy */;
		};
/* End PBXTargetDependency section */

/* Begin PBXVariantGroup section */
		AABC5E9325E5A8B4003E3561 /* Main.storyboard */ = {
			isa = PBXVariantGroup;
			children = (
				AABC5E9425E5A8B4003E3561 /* Base */,
			);
			name = Main.storyboard;
			sourceTree = "<group>";
		};
		AABC5E9825E5A8B5003E3561 /* LaunchScreen.storyboard */ = {
			isa = PBXVariantGroup;
			children = (
				AABC5E9925E5A8B5003E3561 /* Base */,
			);
			name = LaunchScreen.storyboard;
			sourceTree = "<group>";
		};
/* End PBXVariantGroup section */

/* Begin XCBuildConfiguration section */
		AABC5EB225E5A8B5003E3561 /* Debug */ = {
			isa = XCBuildConfiguration;
			buildSettings = {
				ALWAYS_SEARCH_USER_PATHS = NO;
				CLANG_ANALYZER_NONNULL = YES;
				CLANG_ANALYZER_NUMBER_OBJECT_CONVERSION = YES_AGGRESSIVE;
				CLANG_CXX_LANGUAGE_STANDARD = "gnu++14";
				CLANG_CXX_LIBRARY = "libc++";
				CLANG_ENABLE_MODULES = YES;
				CLANG_ENABLE_OBJC_ARC = YES;
				CLANG_ENABLE_OBJC_WEAK = YES;
				CLANG_WARN_BLOCK_CAPTURE_AUTORELEASING = YES;
				CLANG_WARN_BOOL_CONVERSION = YES;
				CLANG_WARN_COMMA = YES;
				CLANG_WARN_CONSTANT_CONVERSION = YES;
				CLANG_WARN_DEPRECATED_OBJC_IMPLEMENTATIONS = YES;
				CLANG_WARN_DIRECT_OBJC_ISA_USAGE = YES_ERROR;
				CLANG_WARN_DOCUMENTATION_COMMENTS = YES;
				CLANG_WARN_EMPTY_BODY = YES;
				CLANG_WARN_ENUM_CONVERSION = YES;
				CLANG_WARN_INFINITE_RECURSION = YES;
				CLANG_WARN_INT_CONVERSION = YES;
				CLANG_WARN_NON_LITERAL_NULL_CONVERSION = YES;
				CLANG_WARN_OBJC_IMPLICIT_RETAIN_SELF = YES;
				CLANG_WARN_OBJC_LITERAL_CONVERSION = YES;
				CLANG_WARN_OBJC_ROOT_CLASS = YES_ERROR;
				CLANG_WARN_QUOTED_INCLUDE_IN_FRAMEWORK_HEADER = YES;
				CLANG_WARN_RANGE_LOOP_ANALYSIS = YES;
				CLANG_WARN_STRICT_PROTOTYPES = YES;
				CLANG_WARN_SUSPICIOUS_MOVE = YES;
				CLANG_WARN_UNGUARDED_AVAILABILITY = YES_AGGRESSIVE;
				CLANG_WARN_UNREACHABLE_CODE = YES;
				CLANG_WARN__DUPLICATE_METHOD_MATCH = YES;
				COPY_PHASE_STRIP = NO;
				DEBUG_INFORMATION_FORMAT = dwarf;
				ENABLE_STRICT_OBJC_MSGSEND = YES;
				ENABLE_TESTABILITY = YES;
				GCC_C_LANGUAGE_STANDARD = gnu11;
				GCC_DYNAMIC_NO_PIC = NO;
				GCC_NO_COMMON_BLOCKS = YES;
				GCC_OPTIMIZATION_LEVEL = 0;
				GCC_PREPROCESSOR_DEFINITIONS = (
					"DEBUG=1",
					"$(inherited)",
				);
				GCC_WARN_64_TO_32_BIT_CONVERSION = YES;
				GCC_WARN_ABOUT_RETURN_TYPE = YES_ERROR;
				GCC_WARN_UNDECLARED_SELECTOR = YES;
				GCC_WARN_UNINITIALIZED_AUTOS = YES_AGGRESSIVE;
				GCC_WARN_UNUSED_FUNCTION = YES;
				GCC_WARN_UNUSED_VARIABLE = YES;
				IPHONEOS_DEPLOYMENT_TARGET = 14.4;
				MTL_ENABLE_DEBUG_INFO = INCLUDE_SOURCE;
				MTL_FAST_MATH = YES;
				ONLY_ACTIVE_ARCH = YES;
				SDKROOT = iphoneos;
				SWIFT_ACTIVE_COMPILATION_CONDITIONS = DEBUG;
				SWIFT_OPTIMIZATION_LEVEL = "-Onone";
			};
			name = Debug;
		};
		AABC5EB325E5A8B5003E3561 /* Release */ = {
			isa = XCBuildConfiguration;
			buildSettings = {
				ALWAYS_SEARCH_USER_PATHS = NO;
				CLANG_ANALYZER_NONNULL = YES;
				CLANG_ANALYZER_NUMBER_OBJECT_CONVERSION = YES_AGGRESSIVE;
				CLANG_CXX_LANGUAGE_STANDARD = "gnu++14";
				CLANG_CXX_LIBRARY = "libc++";
				CLANG_ENABLE_MODULES = YES;
				CLANG_ENABLE_OBJC_ARC = YES;
				CLANG_ENABLE_OBJC_WEAK = YES;
				CLANG_WARN_BLOCK_CAPTURE_AUTORELEASING = YES;
				CLANG_WARN_BOOL_CONVERSION = YES;
				CLANG_WARN_COMMA = YES;
				CLANG_WARN_CONSTANT_CONVERSION = YES;
				CLANG_WARN_DEPRECATED_OBJC_IMPLEMENTATIONS = YES;
				CLANG_WARN_DIRECT_OBJC_ISA_USAGE = YES_ERROR;
				CLANG_WARN_DOCUMENTATION_COMMENTS = YES;
				CLANG_WARN_EMPTY_BODY = YES;
				CLANG_WARN_ENUM_CONVERSION = YES;
				CLANG_WARN_INFINITE_RECURSION = YES;
				CLANG_WARN_INT_CONVERSION = YES;
				CLANG_WARN_NON_LITERAL_NULL_CONVERSION = YES;
				CLANG_WARN_OBJC_IMPLICIT_RETAIN_SELF = YES;
				CLANG_WARN_OBJC_LITERAL_CONVERSION = YES;
				CLANG_WARN_OBJC_ROOT_CLASS = YES_ERROR;
				CLANG_WARN_QUOTED_INCLUDE_IN_FRAMEWORK_HEADER = YES;
				CLANG_WARN_RANGE_LOOP_ANALYSIS = YES;
				CLANG_WARN_STRICT_PROTOTYPES = YES;
				CLANG_WARN_SUSPICIOUS_MOVE = YES;
				CLANG_WARN_UNGUARDED_AVAILABILITY = YES_AGGRESSIVE;
				CLANG_WARN_UNREACHABLE_CODE = YES;
				CLANG_WARN__DUPLICATE_METHOD_MATCH = YES;
				COPY_PHASE_STRIP = NO;
				DEBUG_INFORMATION_FORMAT = "dwarf-with-dsym";
				ENABLE_NS_ASSERTIONS = NO;
				ENABLE_STRICT_OBJC_MSGSEND = YES;
				GCC_C_LANGUAGE_STANDARD = gnu11;
				GCC_NO_COMMON_BLOCKS = YES;
				GCC_WARN_64_TO_32_BIT_CONVERSION = YES;
				GCC_WARN_ABOUT_RETURN_TYPE = YES_ERROR;
				GCC_WARN_UNDECLARED_SELECTOR = YES;
				GCC_WARN_UNINITIALIZED_AUTOS = YES_AGGRESSIVE;
				GCC_WARN_UNUSED_FUNCTION = YES;
				GCC_WARN_UNUSED_VARIABLE = YES;
				IPHONEOS_DEPLOYMENT_TARGET = 14.4;
				MTL_ENABLE_DEBUG_INFO = NO;
				MTL_FAST_MATH = YES;
				SDKROOT = iphoneos;
				SWIFT_COMPILATION_MODE = wholemodule;
				SWIFT_OPTIMIZATION_LEVEL = "-O";
				VALIDATE_PRODUCT = YES;
			};
			name = Release;
		};
		AABC5EB525E5A8B5003E3561 /* Debug */ = {
			isa = XCBuildConfiguration;
			baseConfigurationReference = 705C9FCE568E6F74E0F8B64D /* Pods-ApiPractice.debug.xcconfig */;
			buildSettings = {
				ASSETCATALOG_COMPILER_APPICON_NAME = AppIcon;
				ASSETCATALOG_COMPILER_GLOBAL_ACCENT_COLOR_NAME = AccentColor;
				CODE_SIGN_STYLE = Automatic;
				DEVELOPMENT_TEAM = QS9CBB5Y5P;
				INFOPLIST_FILE = ApiPractice/Info.plist;
				LD_RUNPATH_SEARCH_PATHS = (
					"$(inherited)",
					"@executable_path/Frameworks",
				);
				PRODUCT_BUNDLE_IDENTIFIER = com.iut.ApiPractice;
				PRODUCT_NAME = "$(TARGET_NAME)";
				SWIFT_VERSION = 5.0;
				TARGETED_DEVICE_FAMILY = "1,2";
			};
			name = Debug;
		};
		AABC5EB625E5A8B5003E3561 /* Release */ = {
			isa = XCBuildConfiguration;
			baseConfigurationReference = 0D1EEE34EB52158213189EFA /* Pods-ApiPractice.release.xcconfig */;
			buildSettings = {
				ASSETCATALOG_COMPILER_APPICON_NAME = AppIcon;
				ASSETCATALOG_COMPILER_GLOBAL_ACCENT_COLOR_NAME = AccentColor;
				CODE_SIGN_STYLE = Automatic;
				DEVELOPMENT_TEAM = QS9CBB5Y5P;
				INFOPLIST_FILE = ApiPractice/Info.plist;
				LD_RUNPATH_SEARCH_PATHS = (
					"$(inherited)",
					"@executable_path/Frameworks",
				);
				PRODUCT_BUNDLE_IDENTIFIER = com.iut.ApiPractice;
				PRODUCT_NAME = "$(TARGET_NAME)";
				SWIFT_VERSION = 5.0;
				TARGETED_DEVICE_FAMILY = "1,2";
			};
			name = Release;
		};
		AABC5EB825E5A8B5003E3561 /* Debug */ = {
			isa = XCBuildConfiguration;
			baseConfigurationReference = C87477BB1656E15772A68FC1 /* Pods-ApiPracticeTests.debug.xcconfig */;
			buildSettings = {
				ALWAYS_EMBED_SWIFT_STANDARD_LIBRARIES = YES;
				BUNDLE_LOADER = "$(TEST_HOST)";
				CODE_SIGN_STYLE = Automatic;
				DEVELOPMENT_TEAM = QS9CBB5Y5P;
				INFOPLIST_FILE = ApiPracticeTests/Info.plist;
				IPHONEOS_DEPLOYMENT_TARGET = 14.4;
				LD_RUNPATH_SEARCH_PATHS = (
					"$(inherited)",
					"@executable_path/Frameworks",
					"@loader_path/Frameworks",
				);
				PRODUCT_BUNDLE_IDENTIFIER = com.iut.ApiPracticeTests;
				PRODUCT_NAME = "$(TARGET_NAME)";
				SWIFT_VERSION = 5.0;
				TARGETED_DEVICE_FAMILY = "1,2";
				TEST_HOST = "$(BUILT_PRODUCTS_DIR)/ApiPractice.app/ApiPractice";
			};
			name = Debug;
		};
		AABC5EB925E5A8B5003E3561 /* Release */ = {
			isa = XCBuildConfiguration;
			baseConfigurationReference = ECE333C34D3F6A905442EFE2 /* Pods-ApiPracticeTests.release.xcconfig */;
			buildSettings = {
				ALWAYS_EMBED_SWIFT_STANDARD_LIBRARIES = YES;
				BUNDLE_LOADER = "$(TEST_HOST)";
				CODE_SIGN_STYLE = Automatic;
				DEVELOPMENT_TEAM = QS9CBB5Y5P;
				INFOPLIST_FILE = ApiPracticeTests/Info.plist;
				IPHONEOS_DEPLOYMENT_TARGET = 14.4;
				LD_RUNPATH_SEARCH_PATHS = (
					"$(inherited)",
					"@executable_path/Frameworks",
					"@loader_path/Frameworks",
				);
				PRODUCT_BUNDLE_IDENTIFIER = com.iut.ApiPracticeTests;
				PRODUCT_NAME = "$(TARGET_NAME)";
				SWIFT_VERSION = 5.0;
				TARGETED_DEVICE_FAMILY = "1,2";
				TEST_HOST = "$(BUILT_PRODUCTS_DIR)/ApiPractice.app/ApiPractice";
			};
			name = Release;
		};
		AABC5EBB25E5A8B5003E3561 /* Debug */ = {
			isa = XCBuildConfiguration;
			baseConfigurationReference = 89708FAB13055017D86F6F3B /* Pods-ApiPractice-ApiPracticeUITests.debug.xcconfig */;
			buildSettings = {
				ALWAYS_EMBED_SWIFT_STANDARD_LIBRARIES = YES;
				CODE_SIGN_STYLE = Automatic;
				DEVELOPMENT_TEAM = QS9CBB5Y5P;
				INFOPLIST_FILE = ApiPracticeUITests/Info.plist;
				LD_RUNPATH_SEARCH_PATHS = (
					"$(inherited)",
					"@executable_path/Frameworks",
					"@loader_path/Frameworks",
				);
				PRODUCT_BUNDLE_IDENTIFIER = com.iut.ApiPracticeUITests;
				PRODUCT_NAME = "$(TARGET_NAME)";
				SWIFT_VERSION = 5.0;
				TARGETED_DEVICE_FAMILY = "1,2";
				TEST_TARGET_NAME = ApiPractice;
			};
			name = Debug;
		};
		AABC5EBC25E5A8B5003E3561 /* Release */ = {
			isa = XCBuildConfiguration;
			baseConfigurationReference = F24B9643F5322E8656F6A1C4 /* Pods-ApiPractice-ApiPracticeUITests.release.xcconfig */;
			buildSettings = {
				ALWAYS_EMBED_SWIFT_STANDARD_LIBRARIES = YES;
				CODE_SIGN_STYLE = Automatic;
				DEVELOPMENT_TEAM = QS9CBB5Y5P;
				INFOPLIST_FILE = ApiPracticeUITests/Info.plist;
				LD_RUNPATH_SEARCH_PATHS = (
					"$(inherited)",
					"@executable_path/Frameworks",
					"@loader_path/Frameworks",
				);
				PRODUCT_BUNDLE_IDENTIFIER = com.iut.ApiPracticeUITests;
				PRODUCT_NAME = "$(TARGET_NAME)";
				SWIFT_VERSION = 5.0;
				TARGETED_DEVICE_FAMILY = "1,2";
				TEST_TARGET_NAME = ApiPractice;
			};
			name = Release;
		};
/* End XCBuildConfiguration section */

/* Begin XCConfigurationList section */
		AABC5E8525E5A8B4003E3561 /* Build configuration list for PBXProject "ApiPractice" */ = {
			isa = XCConfigurationList;
			buildConfigurations = (
				AABC5EB225E5A8B5003E3561 /* Debug */,
				AABC5EB325E5A8B5003E3561 /* Release */,
			);
			defaultConfigurationIsVisible = 0;
			defaultConfigurationName = Release;
		};
		AABC5EB425E5A8B5003E3561 /* Build configuration list for PBXNativeTarget "ApiPractice" */ = {
			isa = XCConfigurationList;
			buildConfigurations = (
				AABC5EB525E5A8B5003E3561 /* Debug */,
				AABC5EB625E5A8B5003E3561 /* Release */,
			);
			defaultConfigurationIsVisible = 0;
			defaultConfigurationName = Release;
		};
		AABC5EB725E5A8B5003E3561 /* Build configuration list for PBXNativeTarget "ApiPracticeTests" */ = {
			isa = XCConfigurationList;
			buildConfigurations = (
				AABC5EB825E5A8B5003E3561 /* Debug */,
				AABC5EB925E5A8B5003E3561 /* Release */,
			);
			defaultConfigurationIsVisible = 0;
			defaultConfigurationName = Release;
		};
		AABC5EBA25E5A8B5003E3561 /* Build configuration list for PBXNativeTarget "ApiPracticeUITests" */ = {
			isa = XCConfigurationList;
			buildConfigurations = (
				AABC5EBB25E5A8B5003E3561 /* Debug */,
				AABC5EBC25E5A8B5003E3561 /* Release */,
			);
			defaultConfigurationIsVisible = 0;
			defaultConfigurationName = Release;
		};
/* End XCConfigurationList section */
	};
	rootObject = AABC5E8225E5A8B4003E3561 /* Project object */;
}
